{
  "lockfileVersion": 1,
  "configVersion": 1,
  "workspaces": {
    "": {
      "name": "create-phake-mcp",
      "dependencies": {
        "@bluwy/giget-core": "latest",
        "@inquirer/confirm": "latest",
        "@inquirer/input": "latest",
        "@inquirer/select": "latest",
        "commander": "latest",
        "nanospinner": "latest",
        "picocolors": "latest",
      },
      "devDependencies": {
        "@types/node": "latest",
        "bun-types": "latest",
        "typescript": "latest",
      },
    },
  },
  "packages": {
    "@bluwy/giget-core": ["@bluwy/giget-core@0.1.7", "", { "dependencies": { "modern-tar": "^0.7.5" } }, "sha512-6XG8TZt8DVYLuGDVSpFJaSMlNowOg5RGecvWbKvlgMoqVbztUAQ3AcWq6oZ5DoCnTzNAPcO7rhkwt8ZVgrS7CQ=="],

    "@inquirer/ansi": ["@inquirer/ansi@2.0.5", "", {}, "sha512-doc2sWgJpbFQ64UflSVd17ibMGDuxO1yKgOgLMwavzESnXjFWJqUeG8saYosqKpHp4kWiM5x1nXvEjbpx90gzw=="],

    "@inquirer/confirm": ["@inquirer/confirm@6.0.11", "", { "dependencies": { "@inquirer/core": "^11.1.8", "@inquirer/type": "^4.0.5" }, "peerDependencies": { "@types/node": ">=18" }, "optionalPeers": ["@types/node"] }, "sha512-pTpHjg0iEIRMYV/7oCZUMf27/383E6Wyhfc/MY+AVQGEoUobffIYWOK9YLP2XFRGz/9i6WlTQh1CkFVIo2Y7XA=="],

    "@inquirer/core": ["@inquirer/core@11.1.8", "", { "dependencies": { "@inquirer/ansi": "^2.0.5", "@inquirer/figures": "^2.0.5", "@inquirer/type": "^4.0.5", "cli-width": "^4.1.0", "fast-wrap-ansi": "^0.2.0", "mute-stream": "^3.0.0", "signal-exit": "^4.1.0" }, "peerDependencies": { "@types/node": ">=18" }, "optionalPeers": ["@types/node"] }, "sha512-/u+yJk2pOKNDOh1ZgdUH2RQaRx6OOH4I0uwL95qPvTFTIL38YBsuSC4r1yXBB3Q6JvNqFFc202gk0Ew79rrcjA=="],

    "@inquirer/figures": ["@inquirer/figures@2.0.5", "", {}, "sha512-NsSs4kzfm12lNetHwAn3GEuH317IzpwrMCbOuMIVytpjnJ90YYHNwdRgYGuKmVxwuIqSgqk3M5qqQt1cDk0tGQ=="],

    "@inquirer/input": ["@inquirer/input@5.0.11", "", { "dependencies": { "@inquirer/core": "^11.1.8", "@inquirer/type": "^4.0.5" }, "peerDependencies": { "@types/node": ">=18" }, "optionalPeers": ["@types/node"] }, "sha512-twUWidn4ocPO8qi6fRM7tNWt7W1FOnOZqQ+/+PsfLUacMR5rFLDPK9ql0nBPwxi0oELbo8T5NhRs8B2+qQEqFQ=="],

    "@inquirer/select": ["@inquirer/select@5.1.3", "", { "dependencies": { "@inquirer/ansi": "^2.0.5", "@inquirer/core": "^11.1.8", "@inquirer/figures": "^2.0.5", "@inquirer/type": "^4.0.5" }, "peerDependencies": { "@types/node": ">=18" }, "optionalPeers": ["@types/node"] }, "sha512-zYyqWgGQi3NhBcNq4Isc5rB3oEdQEh1Q/EcAnOW0FK4MpnXWkvSBYgA4cYrTM4A9UB573omouZbnL9JJ74Mq3A=="],

    "@inquirer/type": ["@inquirer/type@4.0.5", "", { "peerDependencies": { "@types/node": ">=18" }, "optionalPeers": ["@types/node"] }, "sha512-aetVUNeKNc/VriqXlw1NRSW0zhMBB0W4bNbWRJgzRl/3d0QNDQFfk0GO5SDdtjMZVg6o8ZKEiadd7SCCzoOn5Q=="],

    "@types/node": ["@types/node@25.5.2", "", { "dependencies": { "undici-types": "~7.18.0" } }, "sha512-tO4ZIRKNC+MDWV4qKVZe3Ql/woTnmHDr5JD8UI5hn2pwBrHEwOEMZK7WlNb5RKB6EoJ02gwmQS9OrjuFnZYdpg=="],

    "bun-types": ["bun-types@1.3.11", "", { "dependencies": { "@types/node": "*" } }, "sha512-1KGPpoxQWl9f6wcZh57LvrPIInQMn2TQ7jsgxqpRzg+l0QPOFvJVH7HmvHo/AiPgwXy+/Thf6Ov3EdVn1vOabg=="],

    "cli-width": ["cli-width@4.1.0", "", {}, "sha512-ouuZd4/dm2Sw5Gmqy6bGyNNNe1qt9RpmxveLSO7KcgsTnU7RXfsw+/bukWGo1abgBiMAic068rclZsO4IWmmxQ=="],

    "commander": ["commander@14.0.3", "", {}, "sha512-H+y0Jo/T1RZ9qPP4Eh1pkcQcLRglraJaSLoyOtHxu6AapkjWVCy2Sit1QQ4x3Dng8qDlSsZEet7g5Pq06MvTgw=="],

    "fast-string-truncated-width": ["fast-string-truncated-width@3.0.3", "", {}, "sha512-0jjjIEL6+0jag3l2XWWizO64/aZVtpiGE3t0Zgqxv0DPuxiMjvB3M24fCyhZUO4KomJQPj3LTSUnDP3GpdwC0g=="],

    "fast-string-width": ["fast-string-width@3.0.2", "", { "dependencies": { "fast-string-truncated-width": "^3.0.2" } }, "sha512-gX8LrtNEI5hq8DVUfRQMbr5lpaS4nMIWV+7XEbXk2b8kiQIizgnlr12B4dA3ZEx3308ze0O4Q1R+cHts8kyUJg=="],

    "fast-wrap-ansi": ["fast-wrap-ansi@0.2.0", "", { "dependencies": { "fast-string-width": "^3.0.2" } }, "sha512-rLV8JHxTyhVmFYhBJuMujcrHqOT2cnO5Zxj37qROj23CP39GXubJRBUFF0z8KFK77Uc0SukZUf7JZhsVEQ6n8w=="],

    "modern-tar": ["modern-tar@0.7.6", "", {}, "sha512-sweCIVXzx1aIGTCdzcMlSZt1h8k5Tmk08VNAuRk3IU28XamGiOH5ypi11g6De2CH7PhYqSSnGy2A/EFhbWnVKg=="],

    "mute-stream": ["mute-stream@3.0.0", "", {}, "sha512-dkEJPVvun4FryqBmZ5KhDo0K9iDXAwn08tMLDinNdRBNPcYEDiWYysLcc6k3mjTMlbP9KyylvRpd4wFtwrT9rw=="],

    "nanospinner": ["nanospinner@1.2.2", "", { "dependencies": { "picocolors": "^1.1.1" } }, "sha512-Zt/AmG6qRU3e+WnzGGLuMCEAO/dAu45stNbHY223tUxldaDAeE+FxSPsd9Q+j+paejmm0ZbrNVs5Sraqy3dRxA=="],

    "picocolors": ["picocolors@1.1.1", "", {}, "sha512-xceH2snhtb5M9liqDsmEw56le376mTZkEX/jEb/RxNFyegNul7eNslCXP9FDj/Lcu0X8KEyMceP2ntpaHrDEVA=="],

    "signal-exit": ["signal-exit@4.1.0", "", {}, "sha512-bzyZ1e88w9O1iNJbKnOlvYTrWPDl46O1bG0D3XInv+9tkPrxrN8jUUTiFlDkkmKWgn1M6CfIA13SuGqOa9Korw=="],

    "typescript": ["typescript@6.0.2", "", { "bin": { "tsc": "bin/tsc", "tsserver": "bin/tsserver" } }, "sha512-bGdAIrZ0wiGDo5l8c++HWtbaNCWTS4UTv7RaTH/ThVIgjkveJt83m74bBHMJkuCbslY8ixgLBVZJIOiQlQTjfQ=="],

    "undici-types": ["undici-types@7.18.2", "", {}, "sha512-AsuCzffGHJybSaRrmr5eHr81mwJU3kjw6M+uprWvCXiNeN9SOGwQ3Jn8jb8m3Z6izVgknn1R0FTCEAP2QrLY/w=="],

    "bun-types/@types/node": ["@types/node@22.19.17", "", { "dependencies": { "undici-types": "~6.21.0" } }, "sha512-wGdMcf+vPYM6jikpS/qhg6WiqSV/OhG+jeeHT/KlVqxYfD40iYJf9/AE1uQxVWFvU7MipKRkRv8NSHiCGgPr8Q=="],

    "bun-types/@types/node/undici-types": ["undici-types@6.21.0", "", {}, "sha512-iwDZqg0QAGrg9Rav5H4n0M64c3mkR59cJ6wQp+7C4nI0gsmExaedaYLNO44eT4AtBBwjbTiGPMlt2Md0T9H9JQ=="],
  }
}
